
Microsoft Visual Studio Solution File, Format Version 12.00
# Visual Studio Version 16
VisualStudioVersion = 16.0.34407.143
MinimumVisualStudioVersion = 10.0.40219.1
Project("{FAE04EC0-301F-11D3-BF4B-00C04F79EFBC}") = "Cricket", "Cricket\Cricket.csproj", "{3FB4C16E-7B3A-4323-9AE6-F70060CFD4AD}"
EndProject
Global
	GlobalSection(SolutionConfigurationPlatforms) = preSolution
		Debug|Any CPU = Debug|Any CPU
		Release|Any CPU = Release|Any CPU
	EndGlobalSection
	GlobalSection(ProjectConfigurationPlatforms) = postSolution
		{3FB4C16E-7B3A-4323-9AE6-F70060CFD4AD}.Debug|Any CPU.ActiveCfg = Debug|Any CPU
		{3FB4C16E-7B3A-4323-9AE6-F70060CFD4AD}.Debug|Any CPU.Build.0 = Debug|Any CPU
		{3FB4C16E-7B3A-4323-9AE6-F70060CFD4AD}.Release|Any CPU.ActiveCfg = Release|Any CPU
		{3FB4C16E-7B3A-4323-9AE6-F70060CFD4AD}.Release|Any CPU.Build.0 = Release|Any CPU
	EndGlobalSection
	GlobalSection(SolutionProperties) = preSolution
		HideSolutionNode = FALSE
	EndGlobalSection
	GlobalSection(ExtensibilityGlobals) = postSolution
		SolutionGuid = {603AA78A-F85B-46FB-9CBD-D83FF0238A32}
	EndGlobalSection
EndGlobal
